<?xml version="1.0" encoding="utf-8"?>
<Project ToolsVersion="4.0" xmlns="http://schemas.microsoft.com/developer/msbuild/2003">
  <ItemGroup>
    <Filter Include="Source Files">
      <UniqueIdentifier>{4FC737F1-C7A5-4376-A066-2A32D752A2FF}</UniqueIdentifier>
      <Extensions>cpp;c;cc;cxx;c++;cppm;ixx;def;odl;idl;hpj;bat;asm;asmx</Extensions>
    </Filter>
    <Filter Include="Header Files">
      <UniqueIdentifier>{93995380-89BD-4b04-88EB-625FBE52EBFB}</UniqueIdentifier>
      <Extensions>h;hh;hpp;hxx;h++;hm;inl;inc;ipp;xsd</Extensions>
    </Filter>
    <Filter Include="Resource Files">
      <UniqueIdentifier>{67DA6AB6-F800-4c08-8B7A-83BB121AAD01}</UniqueIdentifier>
      <Extensions>rc;ico;cur;bmp;dlg;rc2;rct;bin;rgs;gif;jpg;jpeg;jpe;resx;tiff;tif;png;wav;mfcribbon-ms</Extensions>
    </Filter>
    <Filter Include="imgui">
      <UniqueIdentifier>{5c05676d-1b9b-4941-a927-e2c480ae40fb}</UniqueIdentifier>
    </Filter>
    <Filter Include="imgui helper">
      <UniqueIdentifier>{48d4b0a2-3dfb-4395-96f0-97866b29598d}</UniqueIdentifier>
    </Filter>
    <Filter Include="DXR helpers">
      <UniqueIdentifier>{0798450c-dd14-42b2-8d9f-0ba0aa28145d}</UniqueIdentifier>
    </Filter>
    <Filter Include="Shaders">
      <UniqueIdentifier>{4c0115bd-9548-4e35-9742-8330b212b756}</UniqueIdentifier>
    </Filter>
    <Filter Include="Shaders\Rasterization">
      <UniqueIdentifier>{f0780e6b-322b-41ad-a10e-e4c8e5401ea9}</UniqueIdentifier>
    </Filter>
    <Filter Include="Shaders\Raytracing">
      <UniqueIdentifier>{e7f0f9f9-69fb-46b0-8285-6da2bf8d321e}</UniqueIdentifier>
    </Filter>
    <Filter Include="Shaders\Raytracing\Beam Tracing">
      <UniqueIdentifier>{03af8f29-3538-466b-9efa-249c839e5924}</UniqueIdentifier>
    </Filter>
    <Filter Include="Shaders\Raytracing\Camera Ray Tracing">
      <UniqueIdentifier>{7beb7927-b744-4e5c-b337-16cab8d535cf}</UniqueIdentifier>
    </Filter>
    <Filter Include="Shaders\Util">
      <UniqueIdentifier>{6dbdd247-7aa6-43e8-b9d4-e095bd0af3f0}</UniqueIdentifier>
    </Filter>
  </ItemGroup>
  <ItemGroup>
    <ClInclude Include="..\Common\DDSTextureLoader.h">
      <Filter>Header Files</Filter>
    </ClInclude>
    <ClInclude Include="..\Common\GameTimer.h">
      <Filter>Header Files</Filter>
    </ClInclude>
    <ClInclude Include="..\Common\MathHelper.h">
      <Filter>Header Files</Filter>
    </ClInclude>
    <ClInclude Include="..\Common\UploadBuffer.h">
      <Filter>Header Files</Filter>
    </ClInclude>
    <ClInclude Include="FrameResource.h">
      <Filter>Header Files</Filter>
    </ClInclude>
    <ClInclude Include="PhotonBeamApp.hpp">
      <Filter>Header Files</Filter>
    </ClInclude>
    <ClInclude Include="..\imgui\imconfig.h">
      <Filter>imgui</Filter>
    </ClInclude>
    <ClInclude Include="..\imgui\imgui.h">
      <Filter>imgui</Filter>
    </ClInclude>
    <ClInclude Include="..\imgui\imgui_internal.h">
      <Filter>imgui</Filter>
    </ClInclude>
    <ClInclude Include="..\imgui\imgui_impl_dx12.h">
      <Filter>imgui</Filter>
    </ClInclude>
    <ClInclude Include="..\imgui\imgui_impl_win32.h">
      <Filter>imgui</Filter>
    </ClInclude>
    <ClInclude Include="GltfScene.hpp">
      <Filter>Header Files</Filter>
    </ClInclude>
    <ClInclude Include="..\Common\Camera.h">
      <Filter>Header Files</Filter>
    </ClInclude>
    <ClInclude Include="..\Common\d3dApp.h">
      <Filter>Header Files</Filter>
    </ClInclude>
    <ClInclude Include="..\Common\d3dUtil.h">
      <Filter>Header Files</Filter>
    </ClInclude>
    <ClInclude Include="..\imgui-helper\imgui_helper.h">
      <Filter>imgui helper</Filter>
    </ClInclude>
    <ClInclude Include="..\DXRHelpers\nv_helpers_dx12\BottomLevelASGenerator.h">
      <Filter>DXR helpers</Filter>
    </ClInclude>
    <ClInclude Include="..\DXRHelpers\nv_helpers_dx12\RaytracingPipelineGenerator.h">
      <Filter>DXR helpers</Filter>
    </ClInclude>
    <ClInclude Include="..\DXRHelpers\nv_helpers_dx12\RootSignatureGenerator.h">
      <Filter>DXR helpers</Filter>
    </ClInclude>
    <ClInclude Include="..\DXRHelpers\nv_helpers_dx12\ShaderBindingTableGenerator.h">
      <Filter>DXR helpers</Filter>
    </ClInclude>
    <ClInclude Include="..\DXRHelpers\nv_helpers_dx12\TopLevelASGenerator.h">
      <Filter>DXR helpers</Filter>
    </ClInclude>
    <ClInclude Include="raytraceHelper.hpp">
      <Filter>Header Files</Filter>
    </ClInclude>
    <ClInclude Include="Shaders\host_device.h">
      <Filter>Shaders\Util</Filter>
    </ClInclude>
  </ItemGroup>
  <ItemGroup>
    <ClCompile Include="..\Common\d3dApp.cpp">
      <Filter>Source Files</Filter>
    </ClCompile>
    <ClCompile Include="..\Common\d3dUtil.cpp">
      <Filter>Source Files</Filter>
    </ClCompile>
    <ClCompile Include="..\Common\DDSTextureLoader.cpp">
      <Filter>Source Files</Filter>
    </ClCompile>
    <ClCompile Include="..\Common\GameTimer.cpp">
      <Filter>Source Files</Filter>
    </ClCompile>
    <ClCompile Include="..\Common\MathHelper.cpp">
      <Filter>Source Files</Filter>
    </ClCompile>
    <ClCompile Include="FrameResource.cpp">
      <Filter>Source Files</Filter>
    </ClCompile>
    <ClCompile Include="PhotonBeamApp.cpp">
      <Filter>Source Files</Filter>
    </ClCompile>
    <ClCompile Include="main.cpp">
      <Filter>Source Files</Filter>
    </ClCompile>
    <ClCompile Include="..\imgui\imgui.cpp">
      <Filter>imgui</Filter>
    </ClCompile>
    <ClCompile Include="..\imgui\imgui_demo.cpp">
      <Filter>imgui</Filter>
    </ClCompile>
    <ClCompile Include="..\imgui\imgui_draw.cpp">
      <Filter>imgui</Filter>
    </ClCompile>
    <ClCompile Include="..\imgui\imgui_tables.cpp">
      <Filter>imgui</Filter>
    </ClCompile>
    <ClCompile Include="..\imgui\imgui_widgets.cpp">
      <Filter>imgui</Filter>
    </ClCompile>
    <ClCompile Include="..\imgui\imgui_impl_dx12.cpp">
      <Filter>imgui</Filter>
    </ClCompile>
    <ClCompile Include="..\imgui\imgui_impl_win32.cpp">
      <Filter>imgui</Filter>
    </ClCompile>
    <ClCompile Include="..\Common\Camera.cpp">
      <Filter>Source Files</Filter>
    </ClCompile>
    <ClCompile Include="GltfScene.cpp">
      <Filter>Source Files</Filter>
    </ClCompile>
    <ClCompile Include="..\imgui-helper\imgui_helper.cpp">
      <Filter>imgui helper</Filter>
    </ClCompile>
    <ClCompile Include="..\DXRHelpers\nv_helpers_dx12\BottomLevelASGenerator.cpp">
      <Filter>DXR helpers</Filter>
    </ClCompile>
    <ClCompile Include="..\DXRHelpers\nv_helpers_dx12\RaytracingPipelineGenerator.cpp">
      <Filter>DXR helpers</Filter>
    </ClCompile>
    <ClCompile Include="..\DXRHelpers\nv_helpers_dx12\RootSignatureGenerator.cpp">
      <Filter>DXR helpers</Filter>
    </ClCompile>
    <ClCompile Include="..\DXRHelpers\nv_helpers_dx12\ShaderBindingTableGenerator.cpp">
      <Filter>DXR helpers</Filter>
    </ClCompile>
    <ClCompile Include="..\DXRHelpers\nv_helpers_dx12\TopLevelASGenerator.cpp">
      <Filter>DXR helpers</Filter>
    </ClCompile>
    <ClCompile Include="raytraceHelper.cpp">
      <Filter>Source Files</Filter>
    </ClCompile>
  </ItemGroup>
  <ItemGroup>
    <FxCompile Include="Shaders\color.hlsl">
      <Filter>Shaders\Rasterization</Filter>
    </FxCompile>
    <FxCompile Include="Shaders\beam_closest_hit.hlsl">
      <Filter>Shaders\Raytracing\Beam Tracing</Filter>
    </FxCompile>
    <FxCompile Include="Shaders\beam_common.hlsl">
      <Filter>Shaders\Raytracing\Beam Tracing</Filter>
    </FxCompile>
    <FxCompile Include="Shaders\beam_gen.hlsl">
      <Filter>Shaders\Raytracing\Beam Tracing</Filter>
    </FxCompile>
    <FxCompile Include="Shaders\beam_miss.hlsl">
      <Filter>Shaders\Raytracing\Beam Tracing</Filter>
    </FxCompile>
    <FxCompile Include="Shaders\ray_beam_any_hit.hlsl">
      <Filter>Shaders\Raytracing\Camera Ray Tracing</Filter>
    </FxCompile>
    <FxCompile Include="Shaders\ray_beam_int.hlsl">
      <Filter>Shaders\Raytracing\Camera Ray Tracing</Filter>
    </FxCompile>
    <FxCompile Include="Shaders\ray_common.hlsl">
      <Filter>Shaders\Raytracing\Camera Ray Tracing</Filter>
    </FxCompile>
    <FxCompile Include="Shaders\ray_gen.hlsl">
      <Filter>Shaders\Raytracing\Camera Ray Tracing</Filter>
    </FxCompile>
    <FxCompile Include="Shaders\ray_surface_any_hit.hlsl">
      <Filter>Shaders\Raytracing\Camera Ray Tracing</Filter>
    </FxCompile>
    <FxCompile Include="Shaders\ray_surface_int.hlsl">
      <Filter>Shaders\Raytracing\Camera Ray Tracing</Filter>
    </FxCompile>
    <FxCompile Include="Shaders\Gltf.hlsl">
      <Filter>Shaders</Filter>
    </FxCompile>
    <FxCompile Include="Shaders\PostColor.hlsl">
      <Filter>Shaders</Filter>
    </FxCompile>
    <FxCompile Include="Shaders\sampling.hlsl">
      <Filter>Shaders\Util</Filter>
    </FxCompile>
  </ItemGroup>
</Project>