
Microsoft Visual Studio Solution File, Format Version 12.00
# Visual Studio Version 17
VisualStudioVersion = 17.4.33205.214
MinimumVisualStudioVersion = 10.0.40219.1
Project("{8BC9CEB8-8B4A-11D0-8D11-00A0C91BC942}") = "PhotonBeam", "PhotonBeam.vcxproj", "{C4F70342-6554-4671-92B2-538064B2CA4A}"
EndProject
Global
	GlobalSection(SolutionConfigurationPlatforms) = preSolution
		Debug|x64 = Debug|x64
		Debug|x86 = Debug|x86
		Release|x64 = Release|x64
		Release|x86 = Release|x86
	EndGlobalSection
	GlobalSection(ProjectConfigurationPlatforms) = postSolution
		{C4F70342-6554-4671-92B2-538064B2CA4A}.Debug|x64.ActiveCfg = Debug|x64
		{C4F70342-6554-4671-92B2-538064B2CA4A}.Debug|x64.Build.0 = Debug|x64
		{C4F70342-6554-4671-92B2-538064B2CA4A}.Debug|x86.ActiveCfg = Debug|Win32
		{C4F70342-6554-4671-92B2-538064B2CA4A}.Debug|x86.Build.0 = Debug|Win32
		{C4F70342-6554-4671-92B2-538064B2CA4A}.Release|x64.ActiveCfg = Release|x64
		{C4F70342-6554-4671-92B2-538064B2CA4A}.Release|x64.Build.0 = Release|x64
		{C4F70342-6554-4671-92B2-538064B2CA4A}.Release|x86.ActiveCfg = Release|Win32
		{C4F70342-6554-4671-92B2-538064B2CA4A}.Release|x86.Build.0 = Release|Win32
	EndGlobalSection
	GlobalSection(SolutionProperties) = preSolution
		HideSolutionNode = FALSE
	EndGlobalSection
	GlobalSection(ExtensibilityGlobals) = postSolution
		SolutionGuid = {E8E6262F-6D7B-4315-A126-CBE9AB4E6216}
	EndGlobalSection
EndGlobal
