<?xml version="1.0" encoding="utf-8"?>
<Project ToolsVersion="4.0" xmlns="http://schemas.microsoft.com/developer/msbuild/2003">
  <ItemGroup>
    <Filter Include="Source Files">
      <UniqueIdentifier>{4FC737F1-C7A5-4376-A066-2A32D752A2FF}</UniqueIdentifier>
      <Extensions>cpp;c;cc;cxx;c++;cppm;ixx;def;odl;idl;hpj;bat;asm;asmx</Extensions>
    </Filter>
    <Filter Include="Header Files">
      <UniqueIdentifier>{93995380-89BD-4b04-88EB-625FBE52EBFB}</UniqueIdentifier>
      <Extensions>h;hh;hpp;hxx;h++;hm;inl;inc;ipp;xsd</Extensions>
    </Filter>
    <Filter Include="Resource Files">
      <UniqueIdentifier>{67DA6AB6-F800-4c08-8B7A-83BB121AAD01}</UniqueIdentifier>
      <Extensions>rc;ico;cur;bmp;dlg;rc2;rct;bin;rgs;gif;jpg;jpeg;jpe;resx;tiff;tif;png;wav;mfcribbon-ms</Extensions>
    </Filter>
    <Filter Include="Shaders">
      <UniqueIdentifier>{c07e8fca-13de-4b73-ba33-19ee2a73b677}</UniqueIdentifier>
    </Filter>
    <Filter Include="Shaders\Util">
      <UniqueIdentifier>{bb560b54-d307-4d3a-bc41-b304a62e04cf}</UniqueIdentifier>
    </Filter>
    <Filter Include="Shaders\Beam Tracing">
      <UniqueIdentifier>{93e52299-c24c-4caf-b4a7-3cd6f8572bcc}</UniqueIdentifier>
    </Filter>
    <Filter Include="DirectX12 Util Files">
      <UniqueIdentifier>{1158a41d-4fbd-4ed3-8f0c-14d08e2055ba}</UniqueIdentifier>
    </Filter>
    <Filter Include="Shaders\Ray Tracing">
      <UniqueIdentifier>{0ec05b24-b9af-47c3-84b8-2dcec17acbed}</UniqueIdentifier>
    </Filter>
    <Filter Include="Third Party Libraries">
      <UniqueIdentifier>{c60c6b03-d0eb-4283-8bf9-09a20b875380}</UniqueIdentifier>
    </Filter>
    <Filter Include="Third Party Libraries\imgui">
      <UniqueIdentifier>{b426c48d-da24-4b72-9c01-3483765b0be4}</UniqueIdentifier>
    </Filter>
    <Filter Include="Third Party Libraries\tiny gltf">
      <UniqueIdentifier>{4b2dbd96-c3c3-469f-925e-14eed655b770}</UniqueIdentifier>
    </Filter>
    <Filter Include="Third Party Libraries\Nvidia DXR Helpers">
      <UniqueIdentifier>{dc19a01d-7798-4f05-80a7-e71451f19d5d}</UniqueIdentifier>
    </Filter>
    <Filter Include="Third Party Libraries\Microsoft DirecX Samples">
      <UniqueIdentifier>{8f0c46f0-7885-4ec7-af11-b72c2a085c59}</UniqueIdentifier>
    </Filter>
    <Filter Include="Third Party Libraries Helper">
      <UniqueIdentifier>{d127290d-64d1-4d49-9f4b-ef28705bab4b}</UniqueIdentifier>
    </Filter>
    <Filter Include="Third Party Libraries Helper\imgui helper">
      <UniqueIdentifier>{3f5b2fbd-1a9b-4868-9530-643c39fdcb1e}</UniqueIdentifier>
    </Filter>
    <Filter Include="Third Party Libraries Helper\tiny-gltf helper">
      <UniqueIdentifier>{30c6484d-9ec7-46e3-bb55-8e59a10b5b78}</UniqueIdentifier>
    </Filter>
    <Filter Include="AS Builder">
      <UniqueIdentifier>{ae14d9e1-c2ee-4b82-9f16-c2843af5cc73}</UniqueIdentifier>
    </Filter>
  </ItemGroup>
  <ItemGroup>
    <ClInclude Include="PhotonBeamApp.hpp">
      <Filter>Header Files</Filter>
    </ClInclude>
    <ClInclude Include="raytraceHelper.hpp">
      <Filter>Header Files</Filter>
    </ClInclude>
    <ClInclude Include="Shaders\util\HlslCompat.h">
      <Filter>Shaders\Util</Filter>
    </ClInclude>
    <ClInclude Include="Shaders\RaytracingHlslCompat.h">
      <Filter>Shaders</Filter>
    </ClInclude>
    <ClInclude Include="..\Common\Camera.h">
      <Filter>DirectX12 Util Files</Filter>
    </ClInclude>
    <ClInclude Include="..\Common\d3dApp.h">
      <Filter>DirectX12 Util Files</Filter>
    </ClInclude>
    <ClInclude Include="..\Common\d3dUtil.h">
      <Filter>DirectX12 Util Files</Filter>
    </ClInclude>
    <ClInclude Include="..\Common\DDSTextureLoader.h">
      <Filter>DirectX12 Util Files</Filter>
    </ClInclude>
    <ClInclude Include="..\Common\GameTimer.h">
      <Filter>DirectX12 Util Files</Filter>
    </ClInclude>
    <ClInclude Include="..\Common\MathHelper.h">
      <Filter>DirectX12 Util Files</Filter>
    </ClInclude>
    <ClInclude Include="..\Common\UploadBuffer.h">
      <Filter>DirectX12 Util Files</Filter>
    </ClInclude>
    <ClInclude Include="FrameResource.h">
      <Filter>Header Files</Filter>
    </ClInclude>
    <ClInclude Include="..\third-party\imgui\imconfig.h">
      <Filter>Third Party Libraries\imgui</Filter>
    </ClInclude>
    <ClInclude Include="..\third-party\imgui\imgui.h">
      <Filter>Third Party Libraries\imgui</Filter>
    </ClInclude>
    <ClInclude Include="..\third-party\imgui\imgui_impl_dx12.h">
      <Filter>Third Party Libraries\imgui</Filter>
    </ClInclude>
    <ClInclude Include="..\third-party\imgui\imgui_impl_win32.h">
      <Filter>Third Party Libraries\imgui</Filter>
    </ClInclude>
    <ClInclude Include="..\third-party\imgui\imgui_internal.h">
      <Filter>Third Party Libraries\imgui</Filter>
    </ClInclude>
    <ClInclude Include="..\third-party\imgui\imstb_rectpack.h">
      <Filter>Third Party Libraries\imgui</Filter>
    </ClInclude>
    <ClInclude Include="..\third-party\imgui\imstb_textedit.h">
      <Filter>Third Party Libraries\imgui</Filter>
    </ClInclude>
    <ClInclude Include="..\third-party\imgui\imstb_truetype.h">
      <Filter>Third Party Libraries\imgui</Filter>
    </ClInclude>
    <ClInclude Include="..\third-party\tiny-gltf\json.hpp">
      <Filter>Third Party Libraries\tiny gltf</Filter>
    </ClInclude>
    <ClInclude Include="..\third-party\tiny-gltf\stb_image.h">
      <Filter>Third Party Libraries\tiny gltf</Filter>
    </ClInclude>
    <ClInclude Include="..\third-party\tiny-gltf\stb_image_write.h">
      <Filter>Third Party Libraries\tiny gltf</Filter>
    </ClInclude>
    <ClInclude Include="..\third-party\tiny-gltf\tiny_gltf.h">
      <Filter>Third Party Libraries\tiny gltf</Filter>
    </ClInclude>
    <ClInclude Include="..\third-party\Nvidia-DXRHelpers\nv_helpers_dx12\TopLevelASGenerator.h">
      <Filter>Third Party Libraries\Nvidia DXR Helpers</Filter>
    </ClInclude>
    <ClInclude Include="..\third-party\microsoft-directx-graphics-samples\DirectXRaytracingHelper.h">
      <Filter>Third Party Libraries\Microsoft DirecX Samples</Filter>
    </ClInclude>
    <ClInclude Include="third-party-helper\imgui-helper\imgui_helper.h">
      <Filter>Third Party Libraries Helper\imgui helper</Filter>
    </ClInclude>
    <ClInclude Include="third-party-helper\tiny-gltf-helper\GltfScene.hpp">
      <Filter>Third Party Libraries Helper\tiny-gltf helper</Filter>
    </ClInclude>
    <ClInclude Include="AS-Builders\BlasGenerator.h">
      <Filter>AS Builder</Filter>
    </ClInclude>
    <ClInclude Include="AS-Builders\TlasGenerator.h">
      <Filter>AS Builder</Filter>
    </ClInclude>
  </ItemGroup>
  <ItemGroup>
    <ClCompile Include="PhotonBeamApp.cpp">
      <Filter>Source Files</Filter>
    </ClCompile>
    <ClCompile Include="main.cpp">
      <Filter>Source Files</Filter>
    </ClCompile>
    <ClCompile Include="raytraceHelper.cpp">
      <Filter>Source Files</Filter>
    </ClCompile>
    <ClCompile Include="..\Common\Camera.cpp">
      <Filter>DirectX12 Util Files</Filter>
    </ClCompile>
    <ClCompile Include="..\Common\d3dApp.cpp">
      <Filter>DirectX12 Util Files</Filter>
    </ClCompile>
    <ClCompile Include="..\Common\d3dUtil.cpp">
      <Filter>DirectX12 Util Files</Filter>
    </ClCompile>
    <ClCompile Include="..\Common\DDSTextureLoader.cpp">
      <Filter>DirectX12 Util Files</Filter>
    </ClCompile>
    <ClCompile Include="..\Common\GameTimer.cpp">
      <Filter>DirectX12 Util Files</Filter>
    </ClCompile>
    <ClCompile Include="..\Common\MathHelper.cpp">
      <Filter>DirectX12 Util Files</Filter>
    </ClCompile>
    <ClCompile Include="FrameResource.cpp">
      <Filter>Source Files</Filter>
    </ClCompile>
    <ClCompile Include="..\third-party\imgui\imgui.cpp">
      <Filter>Third Party Libraries\imgui</Filter>
    </ClCompile>
    <ClCompile Include="..\third-party\imgui\imgui_demo.cpp">
      <Filter>Third Party Libraries\imgui</Filter>
    </ClCompile>
    <ClCompile Include="..\third-party\imgui\imgui_draw.cpp">
      <Filter>Third Party Libraries\imgui</Filter>
    </ClCompile>
    <ClCompile Include="..\third-party\imgui\imgui_impl_dx12.cpp">
      <Filter>Third Party Libraries\imgui</Filter>
    </ClCompile>
    <ClCompile Include="..\third-party\imgui\imgui_impl_win32.cpp">
      <Filter>Third Party Libraries\imgui</Filter>
    </ClCompile>
    <ClCompile Include="..\third-party\imgui\imgui_tables.cpp">
      <Filter>Third Party Libraries\imgui</Filter>
    </ClCompile>
    <ClCompile Include="..\third-party\imgui\imgui_widgets.cpp">
      <Filter>Third Party Libraries\imgui</Filter>
    </ClCompile>
    <ClCompile Include="..\third-party\Nvidia-DXRHelpers\nv_helpers_dx12\TopLevelASGenerator.cpp">
      <Filter>Third Party Libraries\Nvidia DXR Helpers</Filter>
    </ClCompile>
    <ClCompile Include="third-party-helper\imgui-helper\imgui_helper.cpp">
      <Filter>Third Party Libraries Helper\imgui helper</Filter>
    </ClCompile>
    <ClCompile Include="third-party-helper\tiny-gltf-helper\GltfScene.cpp">
      <Filter>Third Party Libraries Helper\tiny-gltf helper</Filter>
    </ClCompile>
    <ClCompile Include="AS-Builders\BlasGenerator.cpp">
      <Filter>AS Builder</Filter>
    </ClCompile>
    <ClCompile Include="AS-Builders\TlasGenerator.cpp">
      <Filter>AS Builder</Filter>
    </ClCompile>
  </ItemGroup>
  <ItemGroup>
    <FxCompile Include="Shaders\PostColor.hlsl">
      <Filter>Shaders</Filter>
    </FxCompile>
    <FxCompile Include="Shaders\Rasterization.hlsl">
      <Filter>Shaders</Filter>
    </FxCompile>
    <FxCompile Include="Shaders\BeamTracing\BeamClosestHit.hlsl">
      <Filter>Shaders\Beam Tracing</Filter>
    </FxCompile>
    <FxCompile Include="Shaders\BeamTracing\BeamGen.hlsl">
      <Filter>Shaders\Beam Tracing</Filter>
    </FxCompile>
    <FxCompile Include="Shaders\BeamTracing\BeamMiss.hlsl">
      <Filter>Shaders\Beam Tracing</Filter>
    </FxCompile>
    <FxCompile Include="Shaders\RayTracing\RayBeamAnyHit.hlsl">
      <Filter>Shaders\Ray Tracing</Filter>
    </FxCompile>
    <FxCompile Include="Shaders\RayTracing\RayBeamInt.hlsl">
      <Filter>Shaders\Ray Tracing</Filter>
    </FxCompile>
    <FxCompile Include="Shaders\RayTracing\RayGen.hlsl">
      <Filter>Shaders\Ray Tracing</Filter>
    </FxCompile>
    <FxCompile Include="Shaders\RayTracing\RaySurfaceAnyHit.hlsl">
      <Filter>Shaders\Ray Tracing</Filter>
    </FxCompile>
    <FxCompile Include="Shaders\RayTracing\RaySurfaceInt.hlsl">
      <Filter>Shaders\Ray Tracing</Filter>
    </FxCompile>
    <FxCompile Include="Shaders\RayTracing\RayMiss.hlsl">
      <Filter>Shaders\Ray Tracing</Filter>
    </FxCompile>
    <FxCompile Include="Shaders\BeamTracing\ResetSubBeamInfoBuffer.hlsl">
      <Filter>Shaders\Beam Tracing</Filter>
    </FxCompile>
  </ItemGroup>
  <ItemGroup>
    <None Include="Shaders\util\Gltf.hlsli">
      <Filter>Shaders\Util</Filter>
    </None>
    <None Include="Shaders\util\RayTracingSampling.hlsli">
      <Filter>Shaders\Util</Filter>
    </None>
    <None Include="..\README.md" />
  </ItemGroup>
</Project>